Microsoft Visual Studio Solution File, Format Version 12.00
# Visual Studio 15
VisualStudioVersion = 15.0.27130.2020
MinimumVisualStudioVersion = 10.0.40219.1
Project("{FAE04EC0-301F-11D3-BF4B-00C04F79EFBC}") = "APIManager", "APIManager\APIManager.csproj", "{386C6DA7-1C6C-45A1-A423-59DBCCD4F0B4}"
EndProject
Project("{930C7802-8A8C-48F9-8165-68863BCCD9DD}") = "APIManagerSetup", "APIManagerSetup\APIManagerSetup.wixproj", "{4DD55E70-0742-402F-B594-0D2FAD184127}"
	ProjectSection(ProjectDependencies) = postProject
		{386C6DA7-1C6C-45A1-A423-59DBCCD4F0B4} = {386C6DA7-1C6C-45A1-A423-59DBCCD4F0B4}
	EndProjectSection
EndProject
Global
	GlobalSection(SolutionConfigurationPlatforms) = preSolution
		Debug|Any CPU = Debug|Any CPU
		Debug|x86 = Debug|x86
		Release|Any CPU = Release|Any CPU
		Release|x86 = Release|x86
	EndGlobalSection
	GlobalSection(ProjectConfigurationPlatforms) = postSolution
		{386C6DA7-1C6C-45A1-A423-59DBCCD4F0B4}.Debug|Any CPU.ActiveCfg = Debug|Any CPU
		{386C6DA7-1C6C-45A1-A423-59DBCCD4F0B4}.Debug|Any CPU.Build.0 = Debug|Any CPU
		{386C6DA7-1C6C-45A1-A423-59DBCCD4F0B4}.Debug|x86.ActiveCfg = Debug|Any CPU
		{386C6DA7-1C6C-45A1-A423-59DBCCD4F0B4}.Debug|x86.Build.0 = Debug|Any CPU
		{386C6DA7-1C6C-45A1-A423-59DBCCD4F0B4}.Release|Any CPU.ActiveCfg = Release|Any CPU
		{386C6DA7-1C6C-45A1-A423-59DBCCD4F0B4}.Release|Any CPU.Build.0 = Release|Any CPU
		{386C6DA7-1C6C-45A1-A423-59DBCCD4F0B4}.Release|x86.ActiveCfg = Release|Any CPU
		{386C6DA7-1C6C-45A1-A423-59DBCCD4F0B4}.Release|x86.Build.0 = Release|Any CPU
		{4DD55E70-0742-402F-B594-0D2FAD184127}.Debug|Any CPU.ActiveCfg = Debug|x86
		{4DD55E70-0742-402F-B594-0D2FAD184127}.Debug|x86.ActiveCfg = Debug|x86
		{4DD55E70-0742-402F-B594-0D2FAD184127}.Debug|x86.Build.0 = Debug|x86
		{4DD55E70-0742-402F-B594-0D2FAD184127}.Release|Any CPU.ActiveCfg = Release|x86
		{4DD55E70-0742-402F-B594-0D2FAD184127}.Release|x86.ActiveCfg = Release|x86
		{4DD55E70-0742-402F-B594-0D2FAD184127}.Release|x86.Build.0 = Release|x86
	EndGlobalSection
	GlobalSection(SolutionProperties) = preSolution
		HideSolutionNode = FALSE
	EndGlobalSection
	GlobalSection(ExtensibilityGlobals) = postSolution
		SolutionGuid = {B053A40D-4216-4CB7-9F67-6F9857A09EDA}
	EndGlobalSection
	GlobalSection(Performance) = preSolution
		HasPerformanceSessions = true
	EndGlobalSection
EndGlobal
